
Microsoft Visual Studio Solution File, Format Version 12.00
# Visual Studio 15
VisualStudioVersion = 15.0.26124.0
MinimumVisualStudioVersion = 15.0.26124.0
Project("{2150E333-8FDC-42A3-9474-1A3956D46DE8}") = "src", "src", "{5F7FCFAC-94CC-4476-AF21-2A556B63A513}"
EndProject
Project("{FAE04EC0-301F-11D3-BF4B-00C04F79EFBC}") = "Jsonificate", "src\Jsonificate\Jsonificate.csproj", "{156E2768-0C7C-4C7C-B23A-9F5CCEBBA0E8}"
EndProject
Project("{2150E333-8FDC-42A3-9474-1A3956D46DE8}") = "tests", "tests", "{13502F4D-7F53-4504-B1E7-36F302985785}"
EndProject
Project("{FAE04EC0-301F-11D3-BF4B-00C04F79EFBC}") = "Jsonificate.Tests", "tests\Jsonificate.Tests\Jsonificate.Tests.csproj", "{64E4B51A-AA2B-456D-A4ED-7418398EB0DC}"
EndProject
Project("{2150E333-8FDC-42A3-9474-1A3956D46DE8}") = "benchmarks", "benchmarks", "{58EB6406-932E-482C-9D86-92357DA33358}"
EndProject
Project("{FAE04EC0-301F-11D3-BF4B-00C04F79EFBC}") = "Jsonificate.Benchmarks", "benchmarks\Jsonificate.Benchmarks\Jsonificate.Benchmarks.csproj", "{A50125EE-93C1-482B-AF34-64AAEA1E5AA4}"
EndProject
Project("{2150E333-8FDC-42A3-9474-1A3956D46DE8}") = "samples", "samples", "{F53B92FD-AB6C-4A93-AEC8-49A0D0970955}"
EndProject
Project("{FAE04EC0-301F-11D3-BF4B-00C04F79EFBC}") = "ReadmeSamples", "samples\ReadmeSamples\ReadmeSamples.csproj", "{EC2D6B3B-F350-4977-972D-C5A0DB282545}"
EndProject
Project("{FAE04EC0-301F-11D3-BF4B-00C04F79EFBC}") = "AspNetCoreSamples", "samples\AspNetCoreSamples\AspNetCoreSamples.csproj", "{1BB94B31-75AD-48B5-854F-5D81B3C27A28}"
EndProject
Project("{2150E333-8FDC-42A3-9474-1A3956D46DE8}") = "SignalRSamples", "SignalRSamples", "{193311F0-EA9E-4433-A056-41C12272F03C}"
EndProject
Project("{FAE04EC0-301F-11D3-BF4B-00C04F79EFBC}") = "Client", "samples\SignalRSamples\Client\Client.csproj", "{C613B05C-7FB9-425F-9A99-0EFF90786680}"
EndProject
Project("{FAE04EC0-301F-11D3-BF4B-00C04F79EFBC}") = "Server", "samples\SignalRSamples\Server\Server.csproj", "{C3D85465-8EC6-4E5D-AAEC-C206A380B179}"
EndProject
Project("{FAE04EC0-301F-11D3-BF4B-00C04F79EFBC}") = "Shared", "samples\SignalRSamples\Shared\Shared.csproj", "{C364154D-7C87-476E-B713-3747CAC6F946}"
EndProject
Global
	GlobalSection(SolutionConfigurationPlatforms) = preSolution
		Debug|Any CPU = Debug|Any CPU
		Debug|x64 = Debug|x64
		Debug|x86 = Debug|x86
		Release|Any CPU = Release|Any CPU
		Release|x64 = Release|x64
		Release|x86 = Release|x86
	EndGlobalSection
	GlobalSection(SolutionProperties) = preSolution
		HideSolutionNode = FALSE
	EndGlobalSection
	GlobalSection(ProjectConfigurationPlatforms) = postSolution
		{156E2768-0C7C-4C7C-B23A-9F5CCEBBA0E8}.Debug|Any CPU.ActiveCfg = Debug|Any CPU
		{156E2768-0C7C-4C7C-B23A-9F5CCEBBA0E8}.Debug|Any CPU.Build.0 = Debug|Any CPU
		{156E2768-0C7C-4C7C-B23A-9F5CCEBBA0E8}.Debug|x64.ActiveCfg = Debug|Any CPU
		{156E2768-0C7C-4C7C-B23A-9F5CCEBBA0E8}.Debug|x64.Build.0 = Debug|Any CPU
		{156E2768-0C7C-4C7C-B23A-9F5CCEBBA0E8}.Debug|x86.ActiveCfg = Debug|Any CPU
		{156E2768-0C7C-4C7C-B23A-9F5CCEBBA0E8}.Debug|x86.Build.0 = Debug|Any CPU
		{156E2768-0C7C-4C7C-B23A-9F5CCEBBA0E8}.Release|Any CPU.ActiveCfg = Release|Any CPU
		{156E2768-0C7C-4C7C-B23A-9F5CCEBBA0E8}.Release|Any CPU.Build.0 = Release|Any CPU
		{156E2768-0C7C-4C7C-B23A-9F5CCEBBA0E8}.Release|x64.ActiveCfg = Release|Any CPU
		{156E2768-0C7C-4C7C-B23A-9F5CCEBBA0E8}.Release|x64.Build.0 = Release|Any CPU
		{156E2768-0C7C-4C7C-B23A-9F5CCEBBA0E8}.Release|x86.ActiveCfg = Release|Any CPU
		{156E2768-0C7C-4C7C-B23A-9F5CCEBBA0E8}.Release|x86.Build.0 = Release|Any CPU
		{64E4B51A-AA2B-456D-A4ED-7418398EB0DC}.Debug|Any CPU.ActiveCfg = Debug|Any CPU
		{64E4B51A-AA2B-456D-A4ED-7418398EB0DC}.Debug|Any CPU.Build.0 = Debug|Any CPU
		{64E4B51A-AA2B-456D-A4ED-7418398EB0DC}.Debug|x64.ActiveCfg = Debug|Any CPU
		{64E4B51A-AA2B-456D-A4ED-7418398EB0DC}.Debug|x64.Build.0 = Debug|Any CPU
		{64E4B51A-AA2B-456D-A4ED-7418398EB0DC}.Debug|x86.ActiveCfg = Debug|Any CPU
		{64E4B51A-AA2B-456D-A4ED-7418398EB0DC}.Debug|x86.Build.0 = Debug|Any CPU
		{64E4B51A-AA2B-456D-A4ED-7418398EB0DC}.Release|Any CPU.ActiveCfg = Release|Any CPU
		{64E4B51A-AA2B-456D-A4ED-7418398EB0DC}.Release|Any CPU.Build.0 = Release|Any CPU
		{64E4B51A-AA2B-456D-A4ED-7418398EB0DC}.Release|x64.ActiveCfg = Release|Any CPU
		{64E4B51A-AA2B-456D-A4ED-7418398EB0DC}.Release|x64.Build.0 = Release|Any CPU
		{64E4B51A-AA2B-456D-A4ED-7418398EB0DC}.Release|x86.ActiveCfg = Release|Any CPU
		{64E4B51A-AA2B-456D-A4ED-7418398EB0DC}.Release|x86.Build.0 = Release|Any CPU
		{A50125EE-93C1-482B-AF34-64AAEA1E5AA4}.Debug|Any CPU.ActiveCfg = Debug|Any CPU
		{A50125EE-93C1-482B-AF34-64AAEA1E5AA4}.Debug|Any CPU.Build.0 = Debug|Any CPU
		{A50125EE-93C1-482B-AF34-64AAEA1E5AA4}.Debug|x64.ActiveCfg = Debug|Any CPU
		{A50125EE-93C1-482B-AF34-64AAEA1E5AA4}.Debug|x64.Build.0 = Debug|Any CPU
		{A50125EE-93C1-482B-AF34-64AAEA1E5AA4}.Debug|x86.ActiveCfg = Debug|Any CPU
		{A50125EE-93C1-482B-AF34-64AAEA1E5AA4}.Debug|x86.Build.0 = Debug|Any CPU
		{A50125EE-93C1-482B-AF34-64AAEA1E5AA4}.Release|Any CPU.ActiveCfg = Release|Any CPU
		{A50125EE-93C1-482B-AF34-64AAEA1E5AA4}.Release|Any CPU.Build.0 = Release|Any CPU
		{A50125EE-93C1-482B-AF34-64AAEA1E5AA4}.Release|x64.ActiveCfg = Release|Any CPU
		{A50125EE-93C1-482B-AF34-64AAEA1E5AA4}.Release|x64.Build.0 = Release|Any CPU
		{A50125EE-93C1-482B-AF34-64AAEA1E5AA4}.Release|x86.ActiveCfg = Release|Any CPU
		{A50125EE-93C1-482B-AF34-64AAEA1E5AA4}.Release|x86.Build.0 = Release|Any CPU
		{EC2D6B3B-F350-4977-972D-C5A0DB282545}.Debug|Any CPU.ActiveCfg = Debug|Any CPU
		{EC2D6B3B-F350-4977-972D-C5A0DB282545}.Debug|Any CPU.Build.0 = Debug|Any CPU
		{EC2D6B3B-F350-4977-972D-C5A0DB282545}.Debug|x64.ActiveCfg = Debug|Any CPU
		{EC2D6B3B-F350-4977-972D-C5A0DB282545}.Debug|x64.Build.0 = Debug|Any CPU
		{EC2D6B3B-F350-4977-972D-C5A0DB282545}.Debug|x86.ActiveCfg = Debug|Any CPU
		{EC2D6B3B-F350-4977-972D-C5A0DB282545}.Debug|x86.Build.0 = Debug|Any CPU
		{EC2D6B3B-F350-4977-972D-C5A0DB282545}.Release|Any CPU.ActiveCfg = Release|Any CPU
		{EC2D6B3B-F350-4977-972D-C5A0DB282545}.Release|Any CPU.Build.0 = Release|Any CPU
		{EC2D6B3B-F350-4977-972D-C5A0DB282545}.Release|x64.ActiveCfg = Release|Any CPU
		{EC2D6B3B-F350-4977-972D-C5A0DB282545}.Release|x64.Build.0 = Release|Any CPU
		{EC2D6B3B-F350-4977-972D-C5A0DB282545}.Release|x86.ActiveCfg = Release|Any CPU
		{EC2D6B3B-F350-4977-972D-C5A0DB282545}.Release|x86.Build.0 = Release|Any CPU
		{1BB94B31-75AD-48B5-854F-5D81B3C27A28}.Debug|Any CPU.ActiveCfg = Debug|Any CPU
		{1BB94B31-75AD-48B5-854F-5D81B3C27A28}.Debug|Any CPU.Build.0 = Debug|Any CPU
		{1BB94B31-75AD-48B5-854F-5D81B3C27A28}.Debug|x64.ActiveCfg = Debug|Any CPU
		{1BB94B31-75AD-48B5-854F-5D81B3C27A28}.Debug|x64.Build.0 = Debug|Any CPU
		{1BB94B31-75AD-48B5-854F-5D81B3C27A28}.Debug|x86.ActiveCfg = Debug|Any CPU
		{1BB94B31-75AD-48B5-854F-5D81B3C27A28}.Debug|x86.Build.0 = Debug|Any CPU
		{1BB94B31-75AD-48B5-854F-5D81B3C27A28}.Release|Any CPU.ActiveCfg = Release|Any CPU
		{1BB94B31-75AD-48B5-854F-5D81B3C27A28}.Release|Any CPU.Build.0 = Release|Any CPU
		{1BB94B31-75AD-48B5-854F-5D81B3C27A28}.Release|x64.ActiveCfg = Release|Any CPU
		{1BB94B31-75AD-48B5-854F-5D81B3C27A28}.Release|x64.Build.0 = Release|Any CPU
		{1BB94B31-75AD-48B5-854F-5D81B3C27A28}.Release|x86.ActiveCfg = Release|Any CPU
		{1BB94B31-75AD-48B5-854F-5D81B3C27A28}.Release|x86.Build.0 = Release|Any CPU
		{C613B05C-7FB9-425F-9A99-0EFF90786680}.Debug|Any CPU.ActiveCfg = Debug|Any CPU
		{C613B05C-7FB9-425F-9A99-0EFF90786680}.Debug|Any CPU.Build.0 = Debug|Any CPU
		{C613B05C-7FB9-425F-9A99-0EFF90786680}.Debug|x64.ActiveCfg = Debug|Any CPU
		{C613B05C-7FB9-425F-9A99-0EFF90786680}.Debug|x64.Build.0 = Debug|Any CPU
		{C613B05C-7FB9-425F-9A99-0EFF90786680}.Debug|x86.ActiveCfg = Debug|Any CPU
		{C613B05C-7FB9-425F-9A99-0EFF90786680}.Debug|x86.Build.0 = Debug|Any CPU
		{C613B05C-7FB9-425F-9A99-0EFF90786680}.Release|Any CPU.ActiveCfg = Release|Any CPU
		{C613B05C-7FB9-425F-9A99-0EFF90786680}.Release|Any CPU.Build.0 = Release|Any CPU
		{C613B05C-7FB9-425F-9A99-0EFF90786680}.Release|x64.ActiveCfg = Release|Any CPU
		{C613B05C-7FB9-425F-9A99-0EFF90786680}.Release|x64.Build.0 = Release|Any CPU
		{C613B05C-7FB9-425F-9A99-0EFF90786680}.Release|x86.ActiveCfg = Release|Any CPU
		{C613B05C-7FB9-425F-9A99-0EFF90786680}.Release|x86.Build.0 = Release|Any CPU
		{C3D85465-8EC6-4E5D-AAEC-C206A380B179}.Debug|Any CPU.ActiveCfg = Debug|Any CPU
		{C3D85465-8EC6-4E5D-AAEC-C206A380B179}.Debug|Any CPU.Build.0 = Debug|Any CPU
		{C3D85465-8EC6-4E5D-AAEC-C206A380B179}.Debug|x64.ActiveCfg = Debug|Any CPU
		{C3D85465-8EC6-4E5D-AAEC-C206A380B179}.Debug|x64.Build.0 = Debug|Any CPU
		{C3D85465-8EC6-4E5D-AAEC-C206A380B179}.Debug|x86.ActiveCfg = Debug|Any CPU
		{C3D85465-8EC6-4E5D-AAEC-C206A380B179}.Debug|x86.Build.0 = Debug|Any CPU
		{C3D85465-8EC6-4E5D-AAEC-C206A380B179}.Release|Any CPU.ActiveCfg = Release|Any CPU
		{C3D85465-8EC6-4E5D-AAEC-C206A380B179}.Release|Any CPU.Build.0 = Release|Any CPU
		{C3D85465-8EC6-4E5D-AAEC-C206A380B179}.Release|x64.ActiveCfg = Release|Any CPU
		{C3D85465-8EC6-4E5D-AAEC-C206A380B179}.Release|x64.Build.0 = Release|Any CPU
		{C3D85465-8EC6-4E5D-AAEC-C206A380B179}.Release|x86.ActiveCfg = Release|Any CPU
		{C3D85465-8EC6-4E5D-AAEC-C206A380B179}.Release|x86.Build.0 = Release|Any CPU
		{C364154D-7C87-476E-B713-3747CAC6F946}.Debug|Any CPU.ActiveCfg = Debug|Any CPU
		{C364154D-7C87-476E-B713-3747CAC6F946}.Debug|Any CPU.Build.0 = Debug|Any CPU
		{C364154D-7C87-476E-B713-3747CAC6F946}.Debug|x64.ActiveCfg = Debug|Any CPU
		{C364154D-7C87-476E-B713-3747CAC6F946}.Debug|x64.Build.0 = Debug|Any CPU
		{C364154D-7C87-476E-B713-3747CAC6F946}.Debug|x86.ActiveCfg = Debug|Any CPU
		{C364154D-7C87-476E-B713-3747CAC6F946}.Debug|x86.Build.0 = Debug|Any CPU
		{C364154D-7C87-476E-B713-3747CAC6F946}.Release|Any CPU.ActiveCfg = Release|Any CPU
		{C364154D-7C87-476E-B713-3747CAC6F946}.Release|Any CPU.Build.0 = Release|Any CPU
		{C364154D-7C87-476E-B713-3747CAC6F946}.Release|x64.ActiveCfg = Release|Any CPU
		{C364154D-7C87-476E-B713-3747CAC6F946}.Release|x64.Build.0 = Release|Any CPU
		{C364154D-7C87-476E-B713-3747CAC6F946}.Release|x86.ActiveCfg = Release|Any CPU
		{C364154D-7C87-476E-B713-3747CAC6F946}.Release|x86.Build.0 = Release|Any CPU
	EndGlobalSection
	GlobalSection(NestedProjects) = preSolution
		{156E2768-0C7C-4C7C-B23A-9F5CCEBBA0E8} = {5F7FCFAC-94CC-4476-AF21-2A556B63A513}
		{64E4B51A-AA2B-456D-A4ED-7418398EB0DC} = {13502F4D-7F53-4504-B1E7-36F302985785}
		{A50125EE-93C1-482B-AF34-64AAEA1E5AA4} = {58EB6406-932E-482C-9D86-92357DA33358}
		{EC2D6B3B-F350-4977-972D-C5A0DB282545} = {F53B92FD-AB6C-4A93-AEC8-49A0D0970955}
		{1BB94B31-75AD-48B5-854F-5D81B3C27A28} = {F53B92FD-AB6C-4A93-AEC8-49A0D0970955}
		{193311F0-EA9E-4433-A056-41C12272F03C} = {F53B92FD-AB6C-4A93-AEC8-49A0D0970955}
		{C613B05C-7FB9-425F-9A99-0EFF90786680} = {193311F0-EA9E-4433-A056-41C12272F03C}
		{C3D85465-8EC6-4E5D-AAEC-C206A380B179} = {193311F0-EA9E-4433-A056-41C12272F03C}
		{C364154D-7C87-476E-B713-3747CAC6F946} = {193311F0-EA9E-4433-A056-41C12272F03C}
	EndGlobalSection
EndGlobal
